// !$*UTF8*$!
{
	archiveVersion = 1;
	classes = {
	};
	objectVersion = 46;
	objects = {

/* Begin PBXBuildFile section */
		58338A3B19E6AA30004B4103 /* AppDelegate.swift in Sources */ = {isa = PBXBuildFile; fileRef = 58338A3A19E6AA30004B4103 /* AppDelegate.swift */; };
		58338A3D19E6AA30004B4103 /* LoginController.swift in Sources */ = {isa = PBXBuildFile; fileRef = 58338A3C19E6AA30004B4103 /* LoginController.swift */; };
		58338A4019E6AA30004B4103 /* Main.storyboard in Resources */ = {isa = PBXBuildFile; fileRef = 58338A3E19E6AA30004B4103 /* Main.storyboard */; };
		58338A4219E6AA30004B4103 /* Images.xcassets in Resources */ = {isa = PBXBuildFile; fileRef = 58338A4119E6AA30004B4103 /* Images.xcassets */; };
		58338A4519E6AA30004B4103 /* LaunchScreen.xib in Resources */ = {isa = PBXBuildFile; fileRef = 58338A4319E6AA30004B4103 /* LaunchScreen.xib */; };
		58338A5119E6AA30004B4103 /* RedbombaTests.swift in Sources */ = {isa = PBXBuildFile; fileRef = 58338A5019E6AA30004B4103 /* RedbombaTests.swift */; };
		587126C81A133C1900FC2CCD /* loading_icon.png in Resources */ = {isa = PBXBuildFile; fileRef = 587126C61A133C1900FC2CCD /* loading_icon.png */; };
		587126C91A133C1900FC2CCD /* login_top_logo.png in Resources */ = {isa = PBXBuildFile; fileRef = 587126C71A133C1900FC2CCD /* login_top_logo.png */; };
		587126CB1A134B7600FC2CCD /* Settings.swift in Sources */ = {isa = PBXBuildFile; fileRef = 587126CA1A134B7600FC2CCD /* Settings.swift */; };
		587126CE1A137DBE00FC2CCD /* SwiftyJSON.swift in Sources */ = {isa = PBXBuildFile; fileRef = 587126CD1A137DBE00FC2CCD /* SwiftyJSON.swift */; };
		587126D01A138C0300FC2CCD /* landing_bg.jpg in Resources */ = {isa = PBXBuildFile; fileRef = 587126CF1A138C0300FC2CCD /* landing_bg.jpg */; };
		58BAEF201A14716E00FB695E /* MainController.swift in Sources */ = {isa = PBXBuildFile; fileRef = 58BAEF1F1A14716E00FB695E /* MainController.swift */; };
		58BAEF251A147BBA00FB695E /* Locksmith.swift in Sources */ = {isa = PBXBuildFile; fileRef = 58BAEF231A147BBA00FB695E /* Locksmith.swift */; };
		58BAEF261A147BBA00FB695E /* LocksmithRequest.swift in Sources */ = {isa = PBXBuildFile; fileRef = 58BAEF241A147BBA00FB695E /* LocksmithRequest.swift */; };
		58BAEF281A148F2C00FB695E /* MainTableCell.swift in Sources */ = {isa = PBXBuildFile; fileRef = 58BAEF271A148F2C00FB695E /* MainTableCell.swift */; };
		58BAEF2A1A14AA0200FB695E /* DetailController.swift in Sources */ = {isa = PBXBuildFile; fileRef = 58BAEF291A14AA0200FB695E /* DetailController.swift */; };
/* End PBXBuildFile section */

/* Begin PBXContainerItemProxy section */
		58338A4B19E6AA30004B4103 /* PBXContainerItemProxy */ = {
			isa = PBXContainerItemProxy;
			containerPortal = 58338A2D19E6AA30004B4103 /* Project object */;
			proxyType = 1;
			remoteGlobalIDString = 58338A3419E6AA30004B4103;
			remoteInfo = Redbomba;
		};
/* End PBXContainerItemProxy section */

/* Begin PBXFileReference section */
		58338A3519E6AA30004B4103 /* Redbomba.app */ = {isa = PBXFileReference; explicitFileType = wrapper.application; includeInIndex = 0; path = Redbomba.app; sourceTree = BUILT_PRODUCTS_DIR; };
		58338A3919E6AA30004B4103 /* Info.plist */ = {isa = PBXFileReference; lastKnownFileType = text.plist.xml; path = Info.plist; sourceTree = "<group>"; };
		58338A3A19E6AA30004B4103 /* AppDelegate.swift */ = {isa = PBXFileReference; lastKnownFileType = sourcecode.swift; path = AppDelegate.swift; sourceTree = "<group>"; };
		58338A3C19E6AA30004B4103 /* LoginController.swift */ = {isa = PBXFileReference; lastKnownFileType = sourcecode.swift; path = LoginController.swift; sourceTree = "<group>"; };
		58338A3F19E6AA30004B4103 /* Base */ = {isa = PBXFileReference; lastKnownFileType = file.storyboard; name = Base; path = Base.lproj/Main.storyboard; sourceTree = "<group>"; };
		58338A4119E6AA30004B4103 /* Images.xcassets */ = {isa = PBXFileReference; lastKnownFileType = folder.assetcatalog; path = Images.xcassets; sourceTree = "<group>"; };
		58338A4419E6AA30004B4103 /* Base */ = {isa = PBXFileReference; lastKnownFileType = file.xib; name = Base; path = Base.lproj/LaunchScreen.xib; sourceTree = "<group>"; };
		58338A4A19E6AA30004B4103 /* RedbombaTests.xctest */ = {isa = PBXFileReference; explicitFileType = wrapper.cfbundle; includeInIndex = 0; path = RedbombaTests.xctest; sourceTree = BUILT_PRODUCTS_DIR; };
		58338A4F19E6AA30004B4103 /* Info.plist */ = {isa = PBXFileReference; lastKnownFileType = text.plist.xml; path = Info.plist; sourceTree = "<group>"; };
		58338A5019E6AA30004B4103 /* RedbombaTests.swift */ = {isa = PBXFileReference; lastKnownFileType = sourcecode.swift; path = RedbombaTests.swift; sourceTree = "<group>"; };
		587126C61A133C1900FC2CCD /* loading_icon.png */ = {isa = PBXFileReference; lastKnownFileType = image.png; name = loading_icon.png; path = img/loading_icon.png; sourceTree = SOURCE_ROOT; };
		587126C71A133C1900FC2CCD /* login_top_logo.png */ = {isa = PBXFileReference; lastKnownFileType = image.png; name = login_top_logo.png; path = img/login_top_logo.png; sourceTree = SOURCE_ROOT; };
		587126CA1A134B7600FC2CCD /* Settings.swift */ = {isa = PBXFileReference; fileEncoding = 4; lastKnownFileType = sourcecode.swift; path = Settings.swift; sourceTree = "<group>"; };
		587126CC1A137DBE00FC2CCD /* SwiftyJSON.h */ = {isa = PBXFileReference; fileEncoding = 4; lastKnownFileType = sourcecode.c.h; path = SwiftyJSON.h; sourceTree = "<group>"; };
		587126CD1A137DBE00FC2CCD /* SwiftyJSON.swift */ = {isa = PBXFileReference; fileEncoding = 4; lastKnownFileType = sourcecode.swift; path = SwiftyJSON.swift; sourceTree = "<group>"; };
		587126CF1A138C0300FC2CCD /* landing_bg.jpg */ = {isa = PBXFileReference; lastKnownFileType = image.jpeg; name = landing_bg.jpg; path = img/landing_bg.jpg; sourceTree = SOURCE_ROOT; };
		58BAEF1F1A14716E00FB695E /* MainController.swift */ = {isa = PBXFileReference; fileEncoding = 4; lastKnownFileType = sourcecode.swift; name = MainController.swift; path = ../MainController.swift; sourceTree = "<group>"; };
		58BAEF231A147BBA00FB695E /* Locksmith.swift */ = {isa = PBXFileReference; fileEncoding = 4; lastKnownFileType = sourcecode.swift; path = Locksmith.swift; sourceTree = "<group>"; };
		58BAEF241A147BBA00FB695E /* LocksmithRequest.swift */ = {isa = PBXFileReference; fileEncoding = 4; lastKnownFileType = sourcecode.swift; path = LocksmithRequest.swift; sourceTree = "<group>"; };
		58BAEF271A148F2C00FB695E /* MainTableCell.swift */ = {isa = PBXFileReference; fileEncoding = 4; lastKnownFileType = sourcecode.swift; path = MainTableCell.swift; sourceTree = "<group>"; };
		58BAEF291A14AA0200FB695E /* DetailController.swift */ = {isa = PBXFileReference; fileEncoding = 4; lastKnownFileType = sourcecode.swift; path = DetailController.swift; sourceTree = "<group>"; };
/* End PBXFileReference section */

/* Begin PBXFrameworksBuildPhase section */
		58338A3219E6AA30004B4103 /* Frameworks */ = {
			isa = PBXFrameworksBuildPhase;
			buildActionMask = 2147483647;
			files = (
			);
			runOnlyForDeploymentPostprocessing = 0;
		};
		58338A4719E6AA30004B4103 /* Frameworks */ = {
			isa = PBXFrameworksBuildPhase;
			buildActionMask = 2147483647;
			files = (
			);
			runOnlyForDeploymentPostprocessing = 0;
		};
/* End PBXFrameworksBuildPhase section */

/* Begin PBXGroup section */
		58338A2C19E6AA30004B4103 = {
			isa = PBXGroup;
			children = (
				58338A3719E6AA30004B4103 /* Redbomba */,
				58338A4D19E6AA30004B4103 /* RedbombaTests */,
				58338A3619E6AA30004B4103 /* Products */,
			);
			sourceTree = "<group>";
		};
		58338A3619E6AA30004B4103 /* Products */ = {
			isa = PBXGroup;
			children = (
				58338A3519E6AA30004B4103 /* Redbomba.app */,
				58338A4A19E6AA30004B4103 /* RedbombaTests.xctest */,
			);
			name = Products;
			sourceTree = "<group>";
		};
		58338A3719E6AA30004B4103 /* Redbomba */ = {
			isa = PBXGroup;
			children = (
				587126CC1A137DBE00FC2CCD /* SwiftyJSON.h */,
				58338A3A19E6AA30004B4103 /* AppDelegate.swift */,
				58BAEF291A14AA0200FB695E /* DetailController.swift */,
				58BAEF231A147BBA00FB695E /* Locksmith.swift */,
				58BAEF241A147BBA00FB695E /* LocksmithRequest.swift */,
				58338A3C19E6AA30004B4103 /* LoginController.swift */,
				58BAEF1F1A14716E00FB695E /* MainController.swift */,
				58BAEF271A148F2C00FB695E /* MainTableCell.swift */,
				587126CA1A134B7600FC2CCD /* Settings.swift */,
				587126CD1A137DBE00FC2CCD /* SwiftyJSON.swift */,
				58338A4119E6AA30004B4103 /* Images.xcassets */,
				58338A4319E6AA30004B4103 /* LaunchScreen.xib */,
				58338A3E19E6AA30004B4103 /* Main.storyboard */,
				58338A3819E6AA30004B4103 /* Supporting Files */,
			);
			path = Redbomba;
			sourceTree = "<group>";
		};
		58338A3819E6AA30004B4103 /* Supporting Files */ = {
			isa = PBXGroup;
			children = (
				587126CF1A138C0300FC2CCD /* landing_bg.jpg */,
				587126C61A133C1900FC2CCD /* loading_icon.png */,
				587126C71A133C1900FC2CCD /* login_top_logo.png */,
				58338A3919E6AA30004B4103 /* Info.plist */,
			);
			name = "Supporting Files";
			sourceTree = "<group>";
		};
		58338A4D19E6AA30004B4103 /* RedbombaTests */ = {
			isa = PBXGroup;
			children = (
				58338A5019E6AA30004B4103 /* RedbombaTests.swift */,
				58338A4E19E6AA30004B4103 /* Supporting Files */,
			);
			path = RedbombaTests;
			sourceTree = "<group>";
		};
		58338A4E19E6AA30004B4103 /* Supporting Files */ = {
			isa = PBXGroup;
			children = (
				58338A4F19E6AA30004B4103 /* Info.plist */,
			);
			name = "Supporting Files";
			sourceTree = "<group>";
		};
/* End PBXGroup section */

/* Begin PBXNativeTarget section */
		58338A3419E6AA30004B4103 /* Redbomba */ = {
			isa = PBXNativeTarget;
			buildConfigurationList = 58338A5419E6AA30004B4103 /* Build configuration list for PBXNativeTarget "Redbomba" */;
			buildPhases = (
				58338A3119E6AA30004B4103 /* Sources */,
				58338A3219E6AA30004B4103 /* Frameworks */,
				58338A3319E6AA30004B4103 /* Resources */,
			);
			buildRules = (
			);
			dependencies = (
			);
			name = Redbomba;
			productName = Redbomba;
			productReference = 58338A3519E6AA30004B4103 /* Redbomba.app */;
			productType = "com.apple.product-type.application";
		};
		58338A4919E6AA30004B4103 /* RedbombaTests */ = {
			isa = PBXNativeTarget;
			buildConfigurationList = 58338A5719E6AA30004B4103 /* Build configuration list for PBXNativeTarget "RedbombaTests" */;
			buildPhases = (
				58338A4619E6AA30004B4103 /* Sources */,
				58338A4719E6AA30004B4103 /* Frameworks */,
				58338A4819E6AA30004B4103 /* Resources */,
			);
			buildRules = (
			);
			dependencies = (
				58338A4C19E6AA30004B4103 /* PBXTargetDependency */,
			);
			name = RedbombaTests;
			productName = RedbombaTests;
			productReference = 58338A4A19E6AA30004B4103 /* RedbombaTests.xctest */;
			productType = "com.apple.product-type.bundle.unit-test";
		};
/* End PBXNativeTarget section */

/* Begin PBXProject section */
		58338A2D19E6AA30004B4103 /* Project object */ = {
			isa = PBXProject;
			attributes = {
				LastUpgradeCheck = 0600;
				ORGANIZATIONNAME = Redbomba;
				TargetAttributes = {
					58338A3419E6AA30004B4103 = {
						CreatedOnToolsVersion = 6.0;
						DevelopmentTeam = 2GQ9JV3L2K;
					};
					58338A4919E6AA30004B4103 = {
						CreatedOnToolsVersion = 6.0;
						DevelopmentTeam = 2GQ9JV3L2K;
						TestTargetID = 58338A3419E6AA30004B4103;
					};
				};
			};
			buildConfigurationList = 58338A3019E6AA30004B4103 /* Build configuration list for PBXProject "Redbomba" */;
			compatibilityVersion = "Xcode 3.2";
			developmentRegion = English;
			hasScannedForEncodings = 0;
			knownRegions = (
				en,
				Base,
			);
			mainGroup = 58338A2C19E6AA30004B4103;
			productRefGroup = 58338A3619E6AA30004B4103 /* Products */;
			projectDirPath = "";
			projectRoot = "";
			targets = (
				58338A3419E6AA30004B4103 /* Redbomba */,
				58338A4919E6AA30004B4103 /* RedbombaTests */,
			);
		};
/* End PBXProject section */

/* Begin PBXResourcesBuildPhase section */
		58338A3319E6AA30004B4103 /* Resources */ = {
			isa = PBXResourcesBuildPhase;
			buildActionMask = 2147483647;
			files = (
				587126D01A138C0300FC2CCD /* landing_bg.jpg in Resources */,
				58338A4019E6AA30004B4103 /* Main.storyboard in Resources */,
				58338A4519E6AA30004B4103 /* LaunchScreen.xib in Resources */,
				58338A4219E6AA30004B4103 /* Images.xcassets in Resources */,
				587126C91A133C1900FC2CCD /* login_top_logo.png in Resources */,
				587126C81A133C1900FC2CCD /* loading_icon.png in Resources */,
			);
			runOnlyForDeploymentPostprocessing = 0;
		};
		58338A4819E6AA30004B4103 /* Resources */ = {
			isa = PBXResourcesBuildPhase;
			buildActionMask = 2147483647;
			files = (
			);
			runOnlyForDeploymentPostprocessing = 0;
		};
/* End PBXResourcesBuildPhase section */

/* Begin PBXSourcesBuildPhase section */
		58338A3119E6AA30004B4103 /* Sources */ = {
			isa = PBXSourcesBuildPhase;
			buildActionMask = 2147483647;
			files = (
				58BAEF261A147BBA00FB695E /* LocksmithRequest.swift in Sources */,
				58BAEF251A147BBA00FB695E /* Locksmith.swift in Sources */,
				58BAEF281A148F2C00FB695E /* MainTableCell.swift in Sources */,
				58338A3D19E6AA30004B4103 /* LoginController.swift in Sources */,
				587126CB1A134B7600FC2CCD /* Settings.swift in Sources */,
				58338A3B19E6AA30004B4103 /* AppDelegate.swift in Sources */,
				58BAEF201A14716E00FB695E /* MainController.swift in Sources */,
				58BAEF2A1A14AA0200FB695E /* DetailController.swift in Sources */,
				587126CE1A137DBE00FC2CCD /* SwiftyJSON.swift in Sources */,
			);
			runOnlyForDeploymentPostprocessing = 0;
		};
		58338A4619E6AA30004B4103 /* Sources */ = {
			isa = PBXSourcesBuildPhase;
			buildActionMask = 2147483647;
			files = (
				58338A5119E6AA30004B4103 /* RedbombaTests.swift in Sources */,
			);
			runOnlyForDeploymentPostprocessing = 0;
		};
/* End PBXSourcesBuildPhase section */

/* Begin PBXTargetDependency section */
		58338A4C19E6AA30004B4103 /* PBXTargetDependency */ = {
			isa = PBXTargetDependency;
			target = 58338A3419E6AA30004B4103 /* Redbomba */;
			targetProxy = 58338A4B19E6AA30004B4103 /* PBXContainerItemProxy */;
		};
/* End PBXTargetDependency section */

/* Begin PBXVariantGroup section */
		58338A3E19E6AA30004B4103 /* Main.storyboard */ = {
			isa = PBXVariantGroup;
			children = (
				58338A3F19E6AA30004B4103 /* Base */,
			);
			name = Main.storyboard;
			sourceTree = "<group>";
		};
		58338A4319E6AA30004B4103 /* LaunchScreen.xib */ = {
			isa = PBXVariantGroup;
			children = (
				58338A4419E6AA30004B4103 /* Base */,
			);
			name = LaunchScreen.xib;
			sourceTree = "<group>";
		};
/* End PBXVariantGroup section */

/* Begin XCBuildConfiguration section */
		58338A5219E6AA30004B4103 /* Debug */ = {
			isa = XCBuildConfiguration;
			buildSettings = {
				ALWAYS_SEARCH_USER_PATHS = NO;
				CLANG_CXX_LANGUAGE_STANDARD = "gnu++0x";
				CLANG_CXX_LIBRARY = "libc++";
				CLANG_ENABLE_MODULES = YES;
				CLANG_ENABLE_OBJC_ARC = YES;
				CLANG_WARN_BOOL_CONVERSION = YES;
				CLANG_WARN_CONSTANT_CONVERSION = YES;
				CLANG_WARN_DIRECT_OBJC_ISA_USAGE = YES_ERROR;
				CLANG_WARN_EMPTY_BODY = YES;
				CLANG_WARN_ENUM_CONVERSION = YES;
				CLANG_WARN_INT_CONVERSION = YES;
				CLANG_WARN_OBJC_ROOT_CLASS = YES_ERROR;
				CLANG_WARN_UNREACHABLE_CODE = YES;
				CLANG_WARN__DUPLICATE_METHOD_MATCH = YES;
				"CODE_SIGN_IDENTITY[sdk=iphoneos*]" = "iPhone Developer";
				COPY_PHASE_STRIP = NO;
				ENABLE_STRICT_OBJC_MSGSEND = YES;
				GCC_C_LANGUAGE_STANDARD = gnu99;
				GCC_DYNAMIC_NO_PIC = NO;
				GCC_OPTIMIZATION_LEVEL = 0;
				GCC_PREPROCESSOR_DEFINITIONS = (
					"DEBUG=1",
					"$(inherited)",
				);
				GCC_SYMBOLS_PRIVATE_EXTERN = NO;
				GCC_WARN_64_TO_32_BIT_CONVERSION = YES;
				GCC_WARN_ABOUT_RETURN_TYPE = YES_ERROR;
				GCC_WARN_UNDECLARED_SELECTOR = YES;
				GCC_WARN_UNINITIALIZED_AUTOS = YES_AGGRESSIVE;
				GCC_WARN_UNUSED_FUNCTION = YES;
				GCC_WARN_UNUSED_VARIABLE = YES;
				IPHONEOS_DEPLOYMENT_TARGET = 8.0;
				MTL_ENABLE_DEBUG_INFO = YES;
				ONLY_ACTIVE_ARCH = YES;
				SDKROOT = iphoneos;
				SWIFT_OPTIMIZATION_LEVEL = "-Onone";
				TARGETED_DEVICE_FAMILY = "1,2";
			};
			name = Debug;
		};
		58338A5319E6AA30004B4103 /* Release */ = {
			isa = XCBuildConfiguration;
			buildSettings = {
				ALWAYS_SEARCH_USER_PATHS = NO;
				CLANG_CXX_LANGUAGE_STANDARD = "gnu++0x";
				CLANG_CXX_LIBRARY = "libc++";
				CLANG_ENABLE_MODULES = YES;
				CLANG_ENABLE_OBJC_ARC = YES;
				CLANG_WARN_BOOL_CONVERSION = YES;
				CLANG_WARN_CONSTANT_CONVERSION = YES;
				CLANG_WARN_DIRECT_OBJC_ISA_USAGE = YES_ERROR;
				CLANG_WARN_EMPTY_BODY = YES;
				CLANG_WARN_ENUM_CONVERSION = YES;
				CLANG_WARN_INT_CONVERSION = YES;
				CLANG_WARN_OBJC_ROOT_CLASS = YES_ERROR;
				CLANG_WARN_UNREACHABLE_CODE = YES;
				CLANG_WARN__DUPLICATE_METHOD_MATCH = YES;
				"CODE_SIGN_IDENTITY[sdk=iphoneos*]" = "iPhone Developer";
				COPY_PHASE_STRIP = YES;
				ENABLE_NS_ASSERTIONS = NO;
				ENABLE_STRICT_OBJC_MSGSEND = YES;
				GCC_C_LANGUAGE_STANDARD = gnu99;
				GCC_WARN_64_TO_32_BIT_CONVERSION = YES;
				GCC_WARN_ABOUT_RETURN_TYPE = YES_ERROR;
				GCC_WARN_UNDECLARED_SELECTOR = YES;
				GCC_WARN_UNINITIALIZED_AUTOS = YES_AGGRESSIVE;
				GCC_WARN_UNUSED_FUNCTION = YES;
				GCC_WARN_UNUSED_VARIABLE = YES;
				IPHONEOS_DEPLOYMENT_TARGET = 8.0;
				MTL_ENABLE_DEBUG_INFO = NO;
				SDKROOT = iphoneos;
				TARGETED_DEVICE_FAMILY = "1,2";
				VALIDATE_PRODUCT = YES;
			};
			name = Release;
		};
		58338A5519E6AA30004B4103 /* Debug */ = {
			isa = XCBuildConfiguration;
			buildSettings = {
				ASSETCATALOG_COMPILER_APPICON_NAME = AppIcon;
				INFOPLIST_FILE = Redbomba/Info.plist;
				LD_RUNPATH_SEARCH_PATHS = "$(inherited) @executable_path/Frameworks";
				PRODUCT_NAME = "$(TARGET_NAME)";
			};
			name = Debug;
		};
		58338A5619E6AA30004B4103 /* Release */ = {
			isa = XCBuildConfiguration;
			buildSettings = {
				ASSETCATALOG_COMPILER_APPICON_NAME = AppIcon;
				INFOPLIST_FILE = Redbomba/Info.plist;
				LD_RUNPATH_SEARCH_PATHS = "$(inherited) @executable_path/Frameworks";
				PRODUCT_NAME = "$(TARGET_NAME)";
			};
			name = Release;
		};
		58338A5819E6AA30004B4103 /* Debug */ = {
			isa = XCBuildConfiguration;
			buildSettings = {
				BUNDLE_LOADER = "$(TEST_HOST)";
				CODE_SIGN_IDENTITY = "iPhone Developer";
				"CODE_SIGN_IDENTITY[sdk=iphoneos*]" = "iPhone Developer";
				FRAMEWORK_SEARCH_PATHS = (
					"$(SDKROOT)/Developer/Library/Frameworks",
					"$(inherited)",
				);
				GCC_PREPROCESSOR_DEFINITIONS = (
					"DEBUG=1",
					"$(inherited)",
				);
				INFOPLIST_FILE = RedbombaTests/Info.plist;
				LD_RUNPATH_SEARCH_PATHS = "$(inherited) @executable_path/Frameworks @loader_path/Frameworks";
				PRODUCT_NAME = "$(TARGET_NAME)";
				PROVISIONING_PROFILE = "";
				TEST_HOST = "$(BUILT_PRODUCTS_DIR)/Redbomba.app/Redbomba";
			};
			name = Debug;
		};
		58338A5919E6AA30004B4103 /* Release */ = {
			isa = XCBuildConfiguration;
			buildSettings = {
				BUNDLE_LOADER = "$(TEST_HOST)";
				CODE_SIGN_IDENTITY = "iPhone Developer";
				"CODE_SIGN_IDENTITY[sdk=iphoneos*]" = "iPhone Developer";
				FRAMEWORK_SEARCH_PATHS = (
					"$(SDKROOT)/Developer/Library/Frameworks",
					"$(inherited)",
				);
				INFOPLIST_FILE = RedbombaTests/Info.plist;
				LD_RUNPATH_SEARCH_PATHS = "$(inherited) @executable_path/Frameworks @loader_path/Frameworks";
				PRODUCT_NAME = "$(TARGET_NAME)";
				PROVISIONING_PROFILE = "";
				TEST_HOST = "$(BUILT_PRODUCTS_DIR)/Redbomba.app/Redbomba";
			};
			name = Release;
		};
/* End XCBuildConfiguration section */

/* Begin XCConfigurationList section */
		58338A3019E6AA30004B4103 /* Build configuration list for PBXProject "Redbomba" */ = {
			isa = XCConfigurationList;
			buildConfigurations = (
				58338A5219E6AA30004B4103 /* Debug */,
				58338A5319E6AA30004B4103 /* Release */,
			);
			defaultConfigurationIsVisible = 0;
			defaultConfigurationName = Release;
		};
		58338A5419E6AA30004B4103 /* Build configuration list for PBXNativeTarget "Redbomba" */ = {
			isa = XCConfigurationList;
			buildConfigurations = (
				58338A5519E6AA30004B4103 /* Debug */,
				58338A5619E6AA30004B4103 /* Release */,
			);
			defaultConfigurationIsVisible = 0;
			defaultConfigurationName = Release;
		};
		58338A5719E6AA30004B4103 /* Build configuration list for PBXNativeTarget "RedbombaTests" */ = {
			isa = XCConfigurationList;
			buildConfigurations = (
				58338A5819E6AA30004B4103 /* Debug */,
				58338A5919E6AA30004B4103 /* Release */,
			);
			defaultConfigurationIsVisible = 0;
			defaultConfigurationName = Release;
		};
/* End XCConfigurationList section */
	};
	rootObject = 58338A2D19E6AA30004B4103 /* Project object */;
}
